
Microsoft Visual Studio Solution File, Format Version 12.00
# Visual Studio Version 17
VisualStudioVersion = 17.1.32328.378
MinimumVisualStudioVersion = 10.0.40219.1
Project("{9A19103F-16F7-4668-BE54-9A1E7A4F7556}") = "command-line", "src\command-line\command-line.csproj", "{3A5F9028-B31C-4E45-91E4-5CF53FE573DE}"
EndProject
Project("{9A19103F-16F7-4668-BE54-9A1E7A4F7556}") = "graphical-interface", "src\graphical-interface\graphical-interface.csproj", "{D3C8B69E-C5EB-42E1-ACCC-5FCD343CC116}"
EndProject
Project("{9A19103F-16F7-4668-BE54-9A1E7A4F7556}") = "core-test", "test\core-test\core-test.csproj", "{BCE0F458-9982-4FB8-840B-8216D232F162}"
EndProject
Project("{8BC9CEB8-8B4A-11D0-8D11-00A0C91BC942}") = "core", "src\core\core.vcxproj", "{AA670430-F12E-436A-B6E7-BBF23FA55D3F}"
EndProject
Global
	GlobalSection(SolutionConfigurationPlatforms) = preSolution
		Debug|Any CPU = Debug|Any CPU
		Release|Any CPU = Release|Any CPU
	EndGlobalSection
	GlobalSection(ProjectConfigurationPlatforms) = postSolution
		{3A5F9028-B31C-4E45-91E4-5CF53FE573DE}.Debug|Any CPU.ActiveCfg = Debug|Any CPU
		{3A5F9028-B31C-4E45-91E4-5CF53FE573DE}.Debug|Any CPU.Build.0 = Debug|Any CPU
		{3A5F9028-B31C-4E45-91E4-5CF53FE573DE}.Release|Any CPU.ActiveCfg = Release|Any CPU
		{3A5F9028-B31C-4E45-91E4-5CF53FE573DE}.Release|Any CPU.Build.0 = Release|Any CPU
		{D3C8B69E-C5EB-42E1-ACCC-5FCD343CC116}.Debug|Any CPU.ActiveCfg = Debug|Any CPU
		{D3C8B69E-C5EB-42E1-ACCC-5FCD343CC116}.Debug|Any CPU.Build.0 = Debug|Any CPU
		{D3C8B69E-C5EB-42E1-ACCC-5FCD343CC116}.Release|Any CPU.ActiveCfg = Release|Any CPU
		{D3C8B69E-C5EB-42E1-ACCC-5FCD343CC116}.Release|Any CPU.Build.0 = Release|Any CPU
		{BCE0F458-9982-4FB8-840B-8216D232F162}.Debug|Any CPU.ActiveCfg = Debug|Any CPU
		{BCE0F458-9982-4FB8-840B-8216D232F162}.Debug|Any CPU.Build.0 = Debug|Any CPU
		{BCE0F458-9982-4FB8-840B-8216D232F162}.Release|Any CPU.ActiveCfg = Release|Any CPU
		{BCE0F458-9982-4FB8-840B-8216D232F162}.Release|Any CPU.Build.0 = Release|Any CPU
		{AA670430-F12E-436A-B6E7-BBF23FA55D3F}.Debug|Any CPU.ActiveCfg = Debug|x64
		{AA670430-F12E-436A-B6E7-BBF23FA55D3F}.Debug|Any CPU.Build.0 = Debug|x64
		{AA670430-F12E-436A-B6E7-BBF23FA55D3F}.Release|Any CPU.ActiveCfg = Release|x64
		{AA670430-F12E-436A-B6E7-BBF23FA55D3F}.Release|Any CPU.Build.0 = Release|x64
	EndGlobalSection
	GlobalSection(SolutionProperties) = preSolution
		HideSolutionNode = FALSE
	EndGlobalSection
	GlobalSection(ExtensibilityGlobals) = postSolution
		SolutionGuid = {FF2805AF-CBB5-425A-A753-4FCE28B32F4E}
	EndGlobalSection
EndGlobal
